// !$*UTF8*$!
{
	archiveVersion = 1;
	classes = {
	};
	objectVersion = 46;
	objects = {

/* Begin PBXBuildFile section */
		842378C51A1A7A7300565943 /* ProgressTracker.m in Sources */ = {isa = PBXBuildFile; fileRef = 842378C41A1A7A7300565943 /* ProgressTracker.m */; };
		84688E971A11383500FB9E18 /* Foundation.framework in Frameworks */ = {isa = PBXBuildFile; fileRef = 84688E961A11383500FB9E18 /* Foundation.framework */; };
		84688E991A11383500FB9E18 /* CoreGraphics.framework in Frameworks */ = {isa = PBXBuildFile; fileRef = 84688E981A11383500FB9E18 /* CoreGraphics.framework */; };
		84688E9B1A11383500FB9E18 /* UIKit.framework in Frameworks */ = {isa = PBXBuildFile; fileRef = 84688E9A1A11383500FB9E18 /* UIKit.framework */; };
		84688EA11A11383500FB9E18 /* InfoPlist.strings in Resources */ = {isa = PBXBuildFile; fileRef = 84688E9F1A11383500FB9E18 /* InfoPlist.strings */; };
		84688EA31A11383500FB9E18 /* main.m in Sources */ = {isa = PBXBuildFile; fileRef = 84688EA21A11383500FB9E18 /* main.m */; };
		84688EA71A11383500FB9E18 /* AppDelegate.m in Sources */ = {isa = PBXBuildFile; fileRef = 84688EA61A11383500FB9E18 /* AppDelegate.m */; };
		84688EAA1A11383500FB9E18 /* Main.storyboard in Resources */ = {isa = PBXBuildFile; fileRef = 84688EA81A11383500FB9E18 /* Main.storyboard */; };
		84688EAD1A11383500FB9E18 /* ViewController.m in Sources */ = {isa = PBXBuildFile; fileRef = 84688EAC1A11383500FB9E18 /* ViewController.m */; };
		84688EAF1A11383500FB9E18 /* Images.xcassets in Resources */ = {isa = PBXBuildFile; fileRef = 84688EAE1A11383500FB9E18 /* Images.xcassets */; };
		84688EB61A11383500FB9E18 /* XCTest.framework in Frameworks */ = {isa = PBXBuildFile; fileRef = 84688EB51A11383500FB9E18 /* XCTest.framework */; };
		84688EB71A11383500FB9E18 /* Foundation.framework in Frameworks */ = {isa = PBXBuildFile; fileRef = 84688E961A11383500FB9E18 /* Foundation.framework */; };
		84688EB81A11383500FB9E18 /* UIKit.framework in Frameworks */ = {isa = PBXBuildFile; fileRef = 84688E9A1A11383500FB9E18 /* UIKit.framework */; };
		84688EC01A11383500FB9E18 /* InfoPlist.strings in Resources */ = {isa = PBXBuildFile; fileRef = 84688EBE1A11383500FB9E18 /* InfoPlist.strings */; };
		84688EC21A11383500FB9E18 /* Button_GameTests.m in Sources */ = {isa = PBXBuildFile; fileRef = 84688EC11A11383500FB9E18 /* Button_GameTests.m */; };
/* End PBXBuildFile section */

/* Begin PBXContainerItemProxy section */
		84688EB91A11383500FB9E18 /* PBXContainerItemProxy */ = {
			isa = PBXContainerItemProxy;
			containerPortal = 84688E8B1A11383400FB9E18 /* Project object */;
			proxyType = 1;
			remoteGlobalIDString = 84688E921A11383400FB9E18;
			remoteInfo = "Button Game";
		};
/* End PBXContainerItemProxy section */

/* Begin PBXFileReference section */
		842378C31A1A7A7300565943 /* ProgressTracker.h */ = {isa = PBXFileReference; fileEncoding = 4; lastKnownFileType = sourcecode.c.h; path = ProgressTracker.h; sourceTree = "<group>"; };
		842378C41A1A7A7300565943 /* ProgressTracker.m */ = {isa = PBXFileReference; fileEncoding = 4; lastKnownFileType = sourcecode.c.objc; path = ProgressTracker.m; sourceTree = "<group>"; };
		84688E931A11383500FB9E18 /* Button Game.app */ = {isa = PBXFileReference; explicitFileType = wrapper.application; includeInIndex = 0; path = "Button Game.app"; sourceTree = BUILT_PRODUCTS_DIR; };
		84688E961A11383500FB9E18 /* Foundation.framework */ = {isa = PBXFileReference; lastKnownFileType = wrapper.framework; name = Foundation.framework; path = System/Library/Frameworks/Foundation.framework; sourceTree = SDKROOT; };
		84688E981A11383500FB9E18 /* CoreGraphics.framework */ = {isa = PBXFileReference; lastKnownFileType = wrapper.framework; name = CoreGraphics.framework; path = System/Library/Frameworks/CoreGraphics.framework; sourceTree = SDKROOT; };
		84688E9A1A11383500FB9E18 /* UIKit.framework */ = {isa = PBXFileReference; lastKnownFileType = wrapper.framework; name = UIKit.framework; path = System/Library/Frameworks/UIKit.framework; sourceTree = SDKROOT; };
		84688E9E1A11383500FB9E18 /* Button Game-Info.plist */ = {isa = PBXFileReference; lastKnownFileType = text.plist.xml; path = "Button Game-Info.plist"; sourceTree = "<group>"; };
		84688EA01A11383500FB9E18 /* en */ = {isa = PBXFileReference; lastKnownFileType = text.plist.strings; name = en; path = en.lproj/InfoPlist.strings; sourceTree = "<group>"; };
		84688EA21A11383500FB9E18 /* main.m */ = {isa = PBXFileReference; lastKnownFileType = sourcecode.c.objc; path = main.m; sourceTree = "<group>"; };
		84688EA41A11383500FB9E18 /* Button Game-Prefix.pch */ = {isa = PBXFileReference; lastKnownFileType = sourcecode.c.h; path = "Button Game-Prefix.pch"; sourceTree = "<group>"; };
		84688EA51A11383500FB9E18 /* AppDelegate.h */ = {isa = PBXFileReference; lastKnownFileType = sourcecode.c.h; path = AppDelegate.h; sourceTree = "<group>"; };
		84688EA61A11383500FB9E18 /* AppDelegate.m */ = {isa = PBXFileReference; lastKnownFileType = sourcecode.c.objc; path = AppDelegate.m; sourceTree = "<group>"; };
		84688EA91A11383500FB9E18 /* Base */ = {isa = PBXFileReference; lastKnownFileType = file.storyboard; name = Base; path = Base.lproj/Main.storyboard; sourceTree = "<group>"; };
		84688EAB1A11383500FB9E18 /* ViewController.h */ = {isa = PBXFileReference; lastKnownFileType = sourcecode.c.h; path = ViewController.h; sourceTree = "<group>"; };
		84688EAC1A11383500FB9E18 /* ViewController.m */ = {isa = PBXFileReference; lastKnownFileType = sourcecode.c.objc; path = ViewController.m; sourceTree = "<group>"; };
		84688EAE1A11383500FB9E18 /* Images.xcassets */ = {isa = PBXFileReference; lastKnownFileType = folder.assetcatalog; path = Images.xcassets; sourceTree = "<group>"; };
		84688EB41A11383500FB9E18 /* Button GameTests.xctest */ = {isa = PBXFileReference; explicitFileType = wrapper.cfbundle; includeInIndex = 0; path = "Button GameTests.xctest"; sourceTree = BUILT_PRODUCTS_DIR; };
		84688EB51A11383500FB9E18 /* XCTest.framework */ = {isa = PBXFileReference; lastKnownFileType = wrapper.framework; name = XCTest.framework; path = Library/Frameworks/XCTest.framework; sourceTree = DEVELOPER_DIR; };
		84688EBD1A11383500FB9E18 /* Button GameTests-Info.plist */ = {isa = PBXFileReference; lastKnownFileType = text.plist.xml; path = "Button GameTests-Info.plist"; sourceTree = "<group>"; };
		84688EBF1A11383500FB9E18 /* en */ = {isa = PBXFileReference; lastKnownFileType = text.plist.strings; name = en; path = en.lproj/InfoPlist.strings; sourceTree = "<group>"; };
		84688EC11A11383500FB9E18 /* Button_GameTests.m */ = {isa = PBXFileReference; lastKnownFileType = sourcecode.c.objc; path = Button_GameTests.m; sourceTree = "<group>"; };
/* End PBXFileReference section */

/* Begin PBXFrameworksBuildPhase section */
		84688E901A11383400FB9E18 /* Frameworks */ = {
			isa = PBXFrameworksBuildPhase;
			buildActionMask = 2147483647;
			files = (
				84688E991A11383500FB9E18 /* CoreGraphics.framework in Frameworks */,
				84688E9B1A11383500FB9E18 /* UIKit.framework in Frameworks */,
				84688E971A11383500FB9E18 /* Foundation.framework in Frameworks */,
			);
			runOnlyForDeploymentPostprocessing = 0;
		};
		84688EB11A11383500FB9E18 /* Frameworks */ = {
			isa = PBXFrameworksBuildPhase;
			buildActionMask = 2147483647;
			files = (
				84688EB61A11383500FB9E18 /* XCTest.framework in Frameworks */,
				84688EB81A11383500FB9E18 /* UIKit.framework in Frameworks */,
				84688EB71A11383500FB9E18 /* Foundation.framework in Frameworks */,
			);
			runOnlyForDeploymentPostprocessing = 0;
		};
/* End PBXFrameworksBuildPhase section */

/* Begin PBXGroup section */
		84688E8A1A11383400FB9E18 = {
			isa = PBXGroup;
			children = (
				84688E9C1A11383500FB9E18 /* Button Game */,
				84688EBB1A11383500FB9E18 /* Button GameTests */,
				84688E951A11383500FB9E18 /* Frameworks */,
				84688E941A11383500FB9E18 /* Products */,
			);
			sourceTree = "<group>";
		};
		84688E941A11383500FB9E18 /* Products */ = {
			isa = PBXGroup;
			children = (
				84688E931A11383500FB9E18 /* Button Game.app */,
				84688EB41A11383500FB9E18 /* Button GameTests.xctest */,
			);
			name = Products;
			sourceTree = "<group>";
		};
		84688E951A11383500FB9E18 /* Frameworks */ = {
			isa = PBXGroup;
			children = (
				84688E961A11383500FB9E18 /* Foundation.framework */,
				84688E981A11383500FB9E18 /* CoreGraphics.framework */,
				84688E9A1A11383500FB9E18 /* UIKit.framework */,
				84688EB51A11383500FB9E18 /* XCTest.framework */,
			);
			name = Frameworks;
			sourceTree = "<group>";
		};
		84688E9C1A11383500FB9E18 /* Button Game */ = {
			isa = PBXGroup;
			children = (
				842378C31A1A7A7300565943 /* ProgressTracker.h */,
				842378C41A1A7A7300565943 /* ProgressTracker.m */,
				84688EA51A11383500FB9E18 /* AppDelegate.h */,
				84688EA61A11383500FB9E18 /* AppDelegate.m */,
				84688EA81A11383500FB9E18 /* Main.storyboard */,
				84688EAB1A11383500FB9E18 /* ViewController.h */,
				84688EAC1A11383500FB9E18 /* ViewController.m */,
				84688EAE1A11383500FB9E18 /* Images.xcassets */,
				84688E9D1A11383500FB9E18 /* Supporting Files */,
			);
			path = "Button Game";
			sourceTree = "<group>";
		};
		84688E9D1A11383500FB9E18 /* Supporting Files */ = {
			isa = PBXGroup;
			children = (
				84688E9E1A11383500FB9E18 /* Button Game-Info.plist */,
				84688E9F1A11383500FB9E18 /* InfoPlist.strings */,
				84688EA21A11383500FB9E18 /* main.m */,
				84688EA41A11383500FB9E18 /* Button Game-Prefix.pch */,
			);
			name = "Supporting Files";
			sourceTree = "<group>";
		};
		84688EBB1A11383500FB9E18 /* Button GameTests */ = {
			isa = PBXGroup;
			children = (
				84688EC11A11383500FB9E18 /* Button_GameTests.m */,
				84688EBC1A11383500FB9E18 /* Supporting Files */,
			);
			path = "Button GameTests";
			sourceTree = "<group>";
		};
		84688EBC1A11383500FB9E18 /* Supporting Files */ = {
			isa = PBXGroup;
			children = (
				84688EBD1A11383500FB9E18 /* Button GameTests-Info.plist */,
				84688EBE1A11383500FB9E18 /* InfoPlist.strings */,
			);
			name = "Supporting Files";
			sourceTree = "<group>";
		};
/* End PBXGroup section */

/* Begin PBXNativeTarget section */
		84688E921A11383400FB9E18 /* Button Game */ = {
			isa = PBXNativeTarget;
			buildConfigurationList = 84688EC51A11383500FB9E18 /* Build configuration list for PBXNativeTarget "Button Game" */;
			buildPhases = (
				84688E8F1A11383400FB9E18 /* Sources */,
				84688E901A11383400FB9E18 /* Frameworks */,
				84688E911A11383400FB9E18 /* Resources */,
			);
			buildRules = (
			);
			dependencies = (
			);
			name = "Button Game";
			productName = "Button Game";
			productReference = 84688E931A11383500FB9E18 /* Button Game.app */;
			productType = "com.apple.product-type.application";
		};
		84688EB31A11383500FB9E18 /* Button GameTests */ = {
			isa = PBXNativeTarget;
			buildConfigurationList = 84688EC81A11383500FB9E18 /* Build configuration list for PBXNativeTarget "Button GameTests" */;
			buildPhases = (
				84688EB01A11383500FB9E18 /* Sources */,
				84688EB11A11383500FB9E18 /* Frameworks */,
				84688EB21A11383500FB9E18 /* Resources */,
			);
			buildRules = (
			);
			dependencies = (
				84688EBA1A11383500FB9E18 /* PBXTargetDependency */,
			);
			name = "Button GameTests";
			productName = "Button GameTests";
			productReference = 84688EB41A11383500FB9E18 /* Button GameTests.xctest */;
			productType = "com.apple.product-type.bundle.unit-test";
		};
/* End PBXNativeTarget section */

/* Begin PBXProject section */
		84688E8B1A11383400FB9E18 /* Project object */ = {
			isa = PBXProject;
			attributes = {
				LastUpgradeCheck = 0500;
				ORGANIZATIONNAME = CS550;
				TargetAttributes = {
					84688EB31A11383500FB9E18 = {
						TestTargetID = 84688E921A11383400FB9E18;
					};
				};
			};
			buildConfigurationList = 84688E8E1A11383400FB9E18 /* Build configuration list for PBXProject "Button Game" */;
			compatibilityVersion = "Xcode 3.2";
			developmentRegion = English;
			hasScannedForEncodings = 0;
			knownRegions = (
				en,
				Base,
			);
			mainGroup = 84688E8A1A11383400FB9E18;
			productRefGroup = 84688E941A11383500FB9E18 /* Products */;
			projectDirPath = "";
			projectRoot = "";
			targets = (
				84688E921A11383400FB9E18 /* Button Game */,
				84688EB31A11383500FB9E18 /* Button GameTests */,
			);
		};
/* End PBXProject section */

/* Begin PBXResourcesBuildPhase section */
		84688E911A11383400FB9E18 /* Resources */ = {
			isa = PBXResourcesBuildPhase;
			buildActionMask = 2147483647;
			files = (
				84688EAF1A11383500FB9E18 /* Images.xcassets in Resources */,
				84688EA11A11383500FB9E18 /* InfoPlist.strings in Resources */,
				84688EAA1A11383500FB9E18 /* Main.storyboard in Resources */,
			);
			runOnlyForDeploymentPostprocessing = 0;
		};
		84688EB21A11383500FB9E18 /* Resources */ = {
			isa = PBXResourcesBuildPhase;
			buildActionMask = 2147483647;
			files = (
				84688EC01A11383500FB9E18 /* InfoPlist.strings in Resources */,
			);
			runOnlyForDeploymentPostprocessing = 0;
		};
/* End PBXResourcesBuildPhase section */

/* Begin PBXSourcesBuildPhase section */
		84688E8F1A11383400FB9E18 /* Sources */ = {
			isa = PBXSourcesBuildPhase;
			buildActionMask = 2147483647;
			files = (
				84688EAD1A11383500FB9E18 /* ViewController.m in Sources */,
				842378C51A1A7A7300565943 /* ProgressTracker.m in Sources */,
				84688EA71A11383500FB9E18 /* AppDelegate.m in Sources */,
				84688EA31A11383500FB9E18 /* main.m in Sources */,
			);
			runOnlyForDeploymentPostprocessing = 0;
		};
		84688EB01A11383500FB9E18 /* Sources */ = {
			isa = PBXSourcesBuildPhase;
			buildActionMask = 2147483647;
			files = (
				84688EC21A11383500FB9E18 /* Button_GameTests.m in Sources */,
			);
			runOnlyForDeploymentPostprocessing = 0;
		};
/* End PBXSourcesBuildPhase section */

/* Begin PBXTargetDependency section */
		84688EBA1A11383500FB9E18 /* PBXTargetDependency */ = {
			isa = PBXTargetDependency;
			target = 84688E921A11383400FB9E18 /* Button Game */;
			targetProxy = 84688EB91A11383500FB9E18 /* PBXContainerItemProxy */;
		};
/* End PBXTargetDependency section */

/* Begin PBXVariantGroup section */
		84688E9F1A11383500FB9E18 /* InfoPlist.strings */ = {
			isa = PBXVariantGroup;
			children = (
				84688EA01A11383500FB9E18 /* en */,
			);
			name = InfoPlist.strings;
			sourceTree = "<group>";
		};
		84688EA81A11383500FB9E18 /* Main.storyboard */ = {
			isa = PBXVariantGroup;
			children = (
				84688EA91A11383500FB9E18 /* Base */,
			);
			name = Main.storyboard;
			sourceTree = "<group>";
		};
		84688EBE1A11383500FB9E18 /* InfoPlist.strings */ = {
			isa = PBXVariantGroup;
			children = (
				84688EBF1A11383500FB9E18 /* en */,
			);
			name = InfoPlist.strings;
			sourceTree = "<group>";
		};
/* End PBXVariantGroup section */

/* Begin XCBuildConfiguration section */
		84688EC31A11383500FB9E18 /* Debug */ = {
			isa = XCBuildConfiguration;
			buildSettings = {
				ALWAYS_SEARCH_USER_PATHS = NO;
				ARCHS = "$(ARCHS_STANDARD_INCLUDING_64_BIT)";
				CLANG_CXX_LANGUAGE_STANDARD = "gnu++0x";
				CLANG_CXX_LIBRARY = "libc++";
				CLANG_ENABLE_MODULES = YES;
				CLANG_ENABLE_OBJC_ARC = YES;
				CLANG_WARN_BOOL_CONVERSION = YES;
				CLANG_WARN_CONSTANT_CONVERSION = YES;
				CLANG_WARN_DIRECT_OBJC_ISA_USAGE = YES_ERROR;
				CLANG_WARN_EMPTY_BODY = YES;
				CLANG_WARN_ENUM_CONVERSION = YES;
				CLANG_WARN_INT_CONVERSION = YES;
				CLANG_WARN_OBJC_ROOT_CLASS = YES_ERROR;
				CLANG_WARN__DUPLICATE_METHOD_MATCH = YES;
				"CODE_SIGN_IDENTITY[sdk=iphoneos*]" = "iPhone Developer";
				COPY_PHASE_STRIP = NO;
				GCC_C_LANGUAGE_STANDARD = gnu99;
				GCC_DYNAMIC_NO_PIC = NO;
				GCC_OPTIMIZATION_LEVEL = 0;
				GCC_PREPROCESSOR_DEFINITIONS = (
					"DEBUG=1",
					"$(inherited)",
				);
				GCC_SYMBOLS_PRIVATE_EXTERN = NO;
				GCC_WARN_64_TO_32_BIT_CONVERSION = YES;
				GCC_WARN_ABOUT_RETURN_TYPE = YES_ERROR;
				GCC_WARN_UNDECLARED_SELECTOR = YES;
				GCC_WARN_UNINITIALIZED_AUTOS = YES;
				GCC_WARN_UNUSED_FUNCTION = YES;
				GCC_WARN_UNUSED_VARIABLE = YES;
				IPHONEOS_DEPLOYMENT_TARGET = 7.0;
				ONLY_ACTIVE_ARCH = YES;
				SDKROOT = iphoneos;
			};
			name = Debug;
		};
		84688EC41A11383500FB9E18 /* Release */ = {
			isa = XCBuildConfiguration;
			buildSettings = {
				ALWAYS_SEARCH_USER_PATHS = NO;
				ARCHS = "$(ARCHS_STANDARD_INCLUDING_64_BIT)";
				CLANG_CXX_LANGUAGE_STANDARD = "gnu++0x";
				CLANG_CXX_LIBRARY = "libc++";
				CLANG_ENABLE_MODULES = YES;
				CLANG_ENABLE_OBJC_ARC = YES;
				CLANG_WARN_BOOL_CONVERSION = YES;
				CLANG_WARN_CONSTANT_CONVERSION = YES;
				CLANG_WARN_DIRECT_OBJC_ISA_USAGE = YES_ERROR;
				CLANG_WARN_EMPTY_BODY = YES;
				CLANG_WARN_ENUM_CONVERSION = YES;
				CLANG_WARN_INT_CONVERSION = YES;
				CLANG_WARN_OBJC_ROOT_CLASS = YES_ERROR;
				CLANG_WARN__DUPLICATE_METHOD_MATCH = YES;
				"CODE_SIGN_IDENTITY[sdk=iphoneos*]" = "iPhone Developer";
				COPY_PHASE_STRIP = YES;
				ENABLE_NS_ASSERTIONS = NO;
				GCC_C_LANGUAGE_STANDARD = gnu99;
				GCC_WARN_64_TO_32_BIT_CONVERSION = YES;
				GCC_WARN_ABOUT_RETURN_TYPE = YES_ERROR;
				GCC_WARN_UNDECLARED_SELECTOR = YES;
				GCC_WARN_UNINITIALIZED_AUTOS = YES;
				GCC_WARN_UNUSED_FUNCTION = YES;
				GCC_WARN_UNUSED_VARIABLE = YES;
				IPHONEOS_DEPLOYMENT_TARGET = 7.0;
				SDKROOT = iphoneos;
				VALIDATE_PRODUCT = YES;
			};
			name = Release;
		};
		84688EC61A11383500FB9E18 /* Debug */ = {
			isa = XCBuildConfiguration;
			buildSettings = {
				ASSETCATALOG_COMPILER_APPICON_NAME = AppIcon;
				ASSETCATALOG_COMPILER_LAUNCHIMAGE_NAME = LaunchImage;
				GCC_PRECOMPILE_PREFIX_HEADER = YES;
				GCC_PREFIX_HEADER = "Button Game/Button Game-Prefix.pch";
				INFOPLIST_FILE = "Button Game/Button Game-Info.plist";
				PRODUCT_NAME = "$(TARGET_NAME)";
				WRAPPER_EXTENSION = app;
			};
			name = Debug;
		};
		84688EC71A11383500FB9E18 /* Release */ = {
			isa = XCBuildConfiguration;
			buildSettings = {
				ASSETCATALOG_COMPILER_APPICON_NAME = AppIcon;
				ASSETCATALOG_COMPILER_LAUNCHIMAGE_NAME = LaunchImage;
				GCC_PRECOMPILE_PREFIX_HEADER = YES;
				GCC_PREFIX_HEADER = "Button Game/Button Game-Prefix.pch";
				INFOPLIST_FILE = "Button Game/Button Game-Info.plist";
				PRODUCT_NAME = "$(TARGET_NAME)";
				WRAPPER_EXTENSION = app;
			};
			name = Release;
		};
		84688EC91A11383500FB9E18 /* Debug */ = {
			isa = XCBuildConfiguration;
			buildSettings = {
				ARCHS = "$(ARCHS_STANDARD_INCLUDING_64_BIT)";
				BUNDLE_LOADER = "$(BUILT_PRODUCTS_DIR)/Button Game.app/Button Game";
				FRAMEWORK_SEARCH_PATHS = (
					"$(SDKROOT)/Developer/Library/Frameworks",
					"$(inherited)",
					"$(DEVELOPER_FRAMEWORKS_DIR)",
				);
				GCC_PRECOMPILE_PREFIX_HEADER = YES;
				GCC_PREFIX_HEADER = "Button Game/Button Game-Prefix.pch";
				GCC_PREPROCESSOR_DEFINITIONS = (
					"DEBUG=1",
					"$(inherited)",
				);
				INFOPLIST_FILE = "Button GameTests/Button GameTests-Info.plist";
				PRODUCT_NAME = "$(TARGET_NAME)";
				TEST_HOST = "$(BUNDLE_LOADER)";
				WRAPPER_EXTENSION = xctest;
			};
			name = Debug;
		};
		84688ECA1A11383500FB9E18 /* Release */ = {
			isa = XCBuildConfiguration;
			buildSettings = {
				ARCHS = "$(ARCHS_STANDARD_INCLUDING_64_BIT)";
				BUNDLE_LOADER = "$(BUILT_PRODUCTS_DIR)/Button Game.app/Button Game";
				FRAMEWORK_SEARCH_PATHS = (
					"$(SDKROOT)/Developer/Library/Frameworks",
					"$(inherited)",
					"$(DEVELOPER_FRAMEWORKS_DIR)",
				);
				GCC_PRECOMPILE_PREFIX_HEADER = YES;
				GCC_PREFIX_HEADER = "Button Game/Button Game-Prefix.pch";
				INFOPLIST_FILE = "Button GameTests/Button GameTests-Info.plist";
				PRODUCT_NAME = "$(TARGET_NAME)";
				TEST_HOST = "$(BUNDLE_LOADER)";
				WRAPPER_EXTENSION = xctest;
			};
			name = Release;
		};
/* End XCBuildConfiguration section */

/* Begin XCConfigurationList section */
		84688E8E1A11383400FB9E18 /* Build configuration list for PBXProject "Button Game" */ = {
			isa = XCConfigurationList;
			buildConfigurations = (
				84688EC31A11383500FB9E18 /* Debug */,
				84688EC41A11383500FB9E18 /* Release */,
			);
			defaultConfigurationIsVisible = 0;
			defaultConfigurationName = Release;
		};
		84688EC51A11383500FB9E18 /* Build configuration list for PBXNativeTarget "Button Game" */ = {
			isa = XCConfigurationList;
			buildConfigurations = (
				84688EC61A11383500FB9E18 /* Debug */,
				84688EC71A11383500FB9E18 /* Release */,
			);
			defaultConfigurationIsVisible = 0;
			defaultConfigurationName = Release;
		};
		84688EC81A11383500FB9E18 /* Build configuration list for PBXNativeTarget "Button GameTests" */ = {
			isa = XCConfigurationList;
			buildConfigurations = (
				84688EC91A11383500FB9E18 /* Debug */,
				84688ECA1A11383500FB9E18 /* Release */,
			);
			defaultConfigurationIsVisible = 0;
			defaultConfigurationName = Release;
		};
/* End XCConfigurationList section */
	};
	rootObject = 84688E8B1A11383400FB9E18 /* Project object */;
}
